
Microsoft Visual Studio Solution File, Format Version 12.00
# Visual Studio Version 17
VisualStudioVersion = 17.8.34330.188
MinimumVisualStudioVersion = 10.0.40219.1
Project("{9A19103F-16F7-4668-BE54-9A1E7A4F7556}") = "Project_PRN221_Schedule", "Project_PRN221_Schedule\Project_PRN221_Schedule.csproj", "{49A885F5-F67B-4BC0-85B5-7B8A04B38B2F}"
EndProject
Global
	GlobalSection(SolutionConfigurationPlatforms) = preSolution
		Debug|Any CPU = Debug|Any CPU
		Release|Any CPU = Release|Any CPU
	EndGlobalSection
	GlobalSection(ProjectConfigurationPlatforms) = postSolution
		{49A885F5-F67B-4BC0-85B5-7B8A04B38B2F}.Debug|Any CPU.ActiveCfg = Debug|Any CPU
		{49A885F5-F67B-4BC0-85B5-7B8A04B38B2F}.Debug|Any CPU.Build.0 = Debug|Any CPU
		{49A885F5-F67B-4BC0-85B5-7B8A04B38B2F}.Release|Any CPU.ActiveCfg = Release|Any CPU
		{49A885F5-F67B-4BC0-85B5-7B8A04B38B2F}.Release|Any CPU.Build.0 = Release|Any CPU
	EndGlobalSection
	GlobalSection(SolutionProperties) = preSolution
		HideSolutionNode = FALSE
	EndGlobalSection
	GlobalSection(ExtensibilityGlobals) = postSolution
		SolutionGuid = {C1E8E30C-529D-4428-B826-ECCEDA0DDF58}
	EndGlobalSection
EndGlobal
